
Microsoft Visual Studio Solution File, Format Version 12.00
# Visual Studio Version 17
VisualStudioVersion = 17.9.34728.123
MinimumVisualStudioVersion = 10.0.40219.1
Project("{2150E333-8FDC-42A3-9474-1A3956D46DE8}") = "Libary", "Libary", "{5E68B8F3-4F59-4CF2-8AA6-B6B2D4478E0F}"
EndProject
Project("{2150E333-8FDC-42A3-9474-1A3956D46DE8}") = "Modules", "Modules", "{0D0D24F2-6F06-4436-82CC-78110B14C2C1}"
EndProject
Project("{2150E333-8FDC-42A3-9474-1A3956D46DE8}") = "Web", "Web", "{758A864A-4DEA-4FF6-BE82-97707B319748}"
EndProject
Project("{2150E333-8FDC-42A3-9474-1A3956D46DE8}") = "Projects", "Projects", "{40AC4DDA-63F6-480E-903E-6B7E323F9998}"
EndProject
Project("{2150E333-8FDC-42A3-9474-1A3956D46DE8}") = "Cores", "Cores", "{88275637-47C1-4AFE-BEC6-1A8C79BA2CE6}"
EndProject
Project("{9A19103F-16F7-4668-BE54-9A1E7A4F7556}") = "Plugin.Abstraction", "Libary\Core\Plugin.Abstraction\Plugin.Abstraction.csproj", "{6B901CCB-EE8D-4170-B118-5CDD13BE177D}"
EndProject
Project("{9A19103F-16F7-4668-BE54-9A1E7A4F7556}") = "Plugin.Core", "Libary\Core\Plugin.Core\Plugin.Core.csproj", "{8B22F6F8-A06B-4AC6-9225-56750F6F83FB}"
EndProject
Project("{2150E333-8FDC-42A3-9474-1A3956D46DE8}") = "Storages", "Storages", "{8849ED27-DACD-4EEE-8EF3-BB5A4AE6498F}"
EndProject
Project("{9A19103F-16F7-4668-BE54-9A1E7A4F7556}") = "DNH.Storage.MongoDB", "Libary\Storages\DNH.Storage.MongoDB\DNH.Storage.MongoDB.csproj", "{1B4B0CD0-A5AC-4E0B-B704-5AE9AB0BA9D7}"
EndProject
Project("{9A19103F-16F7-4668-BE54-9A1E7A4F7556}") = "ProjectModule", "Modules\Projects\ProjectModule\ProjectModule.csproj", "{7DE68A9C-CEF5-4244-BF74-80A1DED5094D}"
EndProject
Project("{9A19103F-16F7-4668-BE54-9A1E7A4F7556}") = "PluginDemoWeb", "Webs\PluginDemoWeb\PluginDemoWeb.csproj", "{1CC38B77-541E-4A02-93BA-A33CF5A1174C}"
EndProject
Project("{FAE04EC0-301F-11D3-BF4B-00C04F79EFBC}") = "ProjectModule.Repository", "Modules\Projects\ProjectModule.Repository\ProjectModule.Repository.csproj", "{79549A0E-1402-4DE6-9BC5-D9AF89402140}"
EndProject
Project("{FAE04EC0-301F-11D3-BF4B-00C04F79EFBC}") = "ProjectModule.Abstraction", "Modules\Projects\ProjectModule.Abstraction\ProjectModule.Abstraction.csproj", "{30EFBAC6-0C5B-458F-A140-964D34DBB4DE}"
EndProject
Global
	GlobalSection(SolutionConfigurationPlatforms) = preSolution
		Debug|Any CPU = Debug|Any CPU
		Release|Any CPU = Release|Any CPU
	EndGlobalSection
	GlobalSection(ProjectConfigurationPlatforms) = postSolution
		{6B901CCB-EE8D-4170-B118-5CDD13BE177D}.Debug|Any CPU.ActiveCfg = Debug|Any CPU
		{6B901CCB-EE8D-4170-B118-5CDD13BE177D}.Debug|Any CPU.Build.0 = Debug|Any CPU
		{6B901CCB-EE8D-4170-B118-5CDD13BE177D}.Release|Any CPU.ActiveCfg = Release|Any CPU
		{6B901CCB-EE8D-4170-B118-5CDD13BE177D}.Release|Any CPU.Build.0 = Release|Any CPU
		{8B22F6F8-A06B-4AC6-9225-56750F6F83FB}.Debug|Any CPU.ActiveCfg = Debug|Any CPU
		{8B22F6F8-A06B-4AC6-9225-56750F6F83FB}.Debug|Any CPU.Build.0 = Debug|Any CPU
		{8B22F6F8-A06B-4AC6-9225-56750F6F83FB}.Release|Any CPU.ActiveCfg = Release|Any CPU
		{8B22F6F8-A06B-4AC6-9225-56750F6F83FB}.Release|Any CPU.Build.0 = Release|Any CPU
		{1B4B0CD0-A5AC-4E0B-B704-5AE9AB0BA9D7}.Debug|Any CPU.ActiveCfg = Debug|Any CPU
		{1B4B0CD0-A5AC-4E0B-B704-5AE9AB0BA9D7}.Debug|Any CPU.Build.0 = Debug|Any CPU
		{1B4B0CD0-A5AC-4E0B-B704-5AE9AB0BA9D7}.Release|Any CPU.ActiveCfg = Release|Any CPU
		{1B4B0CD0-A5AC-4E0B-B704-5AE9AB0BA9D7}.Release|Any CPU.Build.0 = Release|Any CPU
		{7DE68A9C-CEF5-4244-BF74-80A1DED5094D}.Debug|Any CPU.ActiveCfg = Debug|Any CPU
		{7DE68A9C-CEF5-4244-BF74-80A1DED5094D}.Debug|Any CPU.Build.0 = Debug|Any CPU
		{7DE68A9C-CEF5-4244-BF74-80A1DED5094D}.Release|Any CPU.ActiveCfg = Release|Any CPU
		{7DE68A9C-CEF5-4244-BF74-80A1DED5094D}.Release|Any CPU.Build.0 = Release|Any CPU
		{1CC38B77-541E-4A02-93BA-A33CF5A1174C}.Debug|Any CPU.ActiveCfg = Debug|Any CPU
		{1CC38B77-541E-4A02-93BA-A33CF5A1174C}.Debug|Any CPU.Build.0 = Debug|Any CPU
		{1CC38B77-541E-4A02-93BA-A33CF5A1174C}.Release|Any CPU.ActiveCfg = Release|Any CPU
		{1CC38B77-541E-4A02-93BA-A33CF5A1174C}.Release|Any CPU.Build.0 = Release|Any CPU
		{79549A0E-1402-4DE6-9BC5-D9AF89402140}.Debug|Any CPU.ActiveCfg = Debug|Any CPU
		{79549A0E-1402-4DE6-9BC5-D9AF89402140}.Debug|Any CPU.Build.0 = Debug|Any CPU
		{79549A0E-1402-4DE6-9BC5-D9AF89402140}.Release|Any CPU.ActiveCfg = Release|Any CPU
		{79549A0E-1402-4DE6-9BC5-D9AF89402140}.Release|Any CPU.Build.0 = Release|Any CPU
		{30EFBAC6-0C5B-458F-A140-964D34DBB4DE}.Debug|Any CPU.ActiveCfg = Debug|Any CPU
		{30EFBAC6-0C5B-458F-A140-964D34DBB4DE}.Debug|Any CPU.Build.0 = Debug|Any CPU
		{30EFBAC6-0C5B-458F-A140-964D34DBB4DE}.Release|Any CPU.ActiveCfg = Release|Any CPU
		{30EFBAC6-0C5B-458F-A140-964D34DBB4DE}.Release|Any CPU.Build.0 = Release|Any CPU
	EndGlobalSection
	GlobalSection(SolutionProperties) = preSolution
		HideSolutionNode = FALSE
	EndGlobalSection
	GlobalSection(NestedProjects) = preSolution
		{40AC4DDA-63F6-480E-903E-6B7E323F9998} = {0D0D24F2-6F06-4436-82CC-78110B14C2C1}
		{88275637-47C1-4AFE-BEC6-1A8C79BA2CE6} = {5E68B8F3-4F59-4CF2-8AA6-B6B2D4478E0F}
		{6B901CCB-EE8D-4170-B118-5CDD13BE177D} = {88275637-47C1-4AFE-BEC6-1A8C79BA2CE6}
		{8B22F6F8-A06B-4AC6-9225-56750F6F83FB} = {88275637-47C1-4AFE-BEC6-1A8C79BA2CE6}
		{8849ED27-DACD-4EEE-8EF3-BB5A4AE6498F} = {5E68B8F3-4F59-4CF2-8AA6-B6B2D4478E0F}
		{1B4B0CD0-A5AC-4E0B-B704-5AE9AB0BA9D7} = {8849ED27-DACD-4EEE-8EF3-BB5A4AE6498F}
		{7DE68A9C-CEF5-4244-BF74-80A1DED5094D} = {40AC4DDA-63F6-480E-903E-6B7E323F9998}
		{1CC38B77-541E-4A02-93BA-A33CF5A1174C} = {758A864A-4DEA-4FF6-BE82-97707B319748}
		{79549A0E-1402-4DE6-9BC5-D9AF89402140} = {40AC4DDA-63F6-480E-903E-6B7E323F9998}
		{30EFBAC6-0C5B-458F-A140-964D34DBB4DE} = {40AC4DDA-63F6-480E-903E-6B7E323F9998}
	EndGlobalSection
	GlobalSection(ExtensibilityGlobals) = postSolution
		SolutionGuid = {0B6779D3-8C24-4564-8EC4-8B1F121FDA92}
	EndGlobalSection
EndGlobal
